<?xml version="1.0" encoding="utf-8"?>
<Project ToolsVersion="4.0" xmlns="http://schemas.microsoft.com/developer/msbuild/2003">
  <ItemGroup>
    <Filter Include="Source Files">
      <UniqueIdentifier>{4FC737F1-C7A5-4376-A066-2A32D752A2FF}</UniqueIdentifier>
      <Extensions>cpp;c;cc;cxx;c++;cppm;ixx;def;odl;idl;hpj;bat;asm;asmx</Extensions>
    </Filter>
    <Filter Include="Header Files">
      <UniqueIdentifier>{93995380-89BD-4b04-88EB-625FBE52EBFB}</UniqueIdentifier>
      <Extensions>h;hh;hpp;hxx;h++;hm;inl;inc;ipp;xsd</Extensions>
    </Filter>
    <Filter Include="Resource Files">
      <UniqueIdentifier>{67DA6AB6-F800-4c08-8B7A-83BB121AAD01}</UniqueIdentifier>
      <Extensions>rc;ico;cur;bmp;dlg;rc2;rct;bin;rgs;gif;jpg;jpeg;jpe;resx;tiff;tif;png;wav;mfcribbon-ms</Extensions>
    </Filter>
    <Filter Include="Header Files\Model">
      <UniqueIdentifier>{66df7b93-aee2-49e3-add7-4794b64957d4}</UniqueIdentifier>
    </Filter>
    <Filter Include="Header Files\View">
      <UniqueIdentifier>{4420db20-0a5a-4bfe-8a87-a4a072fc59c1}</UniqueIdentifier>
    </Filter>
    <Filter Include="Header Files\Controller">
      <UniqueIdentifier>{feb878ce-4d80-4192-a3f3-fb8d1242d55c}</UniqueIdentifier>
    </Filter>
    <Filter Include="Source Files\Model">
      <UniqueIdentifier>{2d428cd6-e208-4090-b78c-2ceab01c0223}</UniqueIdentifier>
    </Filter>
    <Filter Include="Source Files\View">
      <UniqueIdentifier>{39fc4afe-14ba-4cb7-b4cb-c9038820de4a}</UniqueIdentifier>
    </Filter>
    <Filter Include="Source Files\Controller">
      <UniqueIdentifier>{9c372028-5a58-4ae3-90e7-0163e8a61139}</UniqueIdentifier>
    </Filter>
  </ItemGroup>
  <ItemGroup>
    <ClCompile Include="main.cpp">
      <Filter>Source Files</Filter>
    </ClCompile>
    <ClCompile Include="Controller.cpp">
      <Filter>Source Files\Controller</Filter>
    </ClCompile>
    <ClCompile Include="View.cpp">
      <Filter>Source Files\View</Filter>
    </ClCompile>
    <ClCompile Include="Parent Room.cpp">
      <Filter>Source Files\View</Filter>
    </ClCompile>
    <ClCompile Include="Character.cpp">
      <Filter>Source Files\Model</Filter>
    </ClCompile>
    <ClCompile Include="Box.cpp">
      <Filter>Source Files\View</Filter>
    </ClCompile>
    <ClCompile Include="Room0.cpp">
      <Filter>Source Files\View</Filter>
    </ClCompile>
    <ClCompile Include="Room4.cpp">
      <Filter>Source Files\View</Filter>
    </ClCompile>
    <ClCompile Include="Room7.cpp">
      <Filter>Source Files\View</Filter>
    </ClCompile>
    <ClCompile Include="Room1.cpp">
      <Filter>Source Files\View</Filter>
    </ClCompile>
    <ClCompile Include="Room2.cpp">
      <Filter>Source Files\View</Filter>
    </ClCompile>
    <ClCompile Include="Room3.cpp">
      <Filter>Source Files\View</Filter>
    </ClCompile>
    <ClCompile Include="Room5.cpp">
      <Filter>Source Files\View</Filter>
    </ClCompile>
    <ClCompile Include="Room6.cpp">
      <Filter>Source Files\View</Filter>
    </ClCompile>
    <ClCompile Include="Room8.cpp">
      <Filter>Source Files\View</Filter>
    </ClCompile>
    <ClCompile Include="Model.cpp">
      <Filter>Source Files\Model</Filter>
    </ClCompile>
  </ItemGroup>
  <ItemGroup>
    <ClInclude Include="Model.h">
      <Filter>Header Files\Model</Filter>
    </ClInclude>
    <ClInclude Include="View.h">
      <Filter>Header Files\View</Filter>
    </ClInclude>
    <ClInclude Include="Controller.h">
      <Filter>Header Files\Controller</Filter>
    </ClInclude>
    <ClInclude Include="BackGround.h">
      <Filter>Header Files\Model</Filter>
    </ClInclude>
    <ClInclude Include="Character.h">
      <Filter>Header Files\Model</Filter>
    </ClInclude>
    <ClInclude Include="Parent Room.h">
      <Filter>Header Files\View</Filter>
    </ClInclude>
    <ClInclude Include="Box.h">
      <Filter>Header Files\View</Filter>
    </ClInclude>
    <ClInclude Include="Room0.h">
      <Filter>Header Files\View</Filter>
    </ClInclude>
    <ClInclude Include="Room4.h">
      <Filter>Header Files\View</Filter>
    </ClInclude>
    <ClInclude Include="Room7.h">
      <Filter>Header Files\View</Filter>
    </ClInclude>
    <ClInclude Include="Room1.h">
      <Filter>Header Files\View</Filter>
    </ClInclude>
    <ClInclude Include="Room2.h">
      <Filter>Header Files\View</Filter>
    </ClInclude>
    <ClInclude Include="Room3.h">
      <Filter>Header Files\View</Filter>
    </ClInclude>
    <ClInclude Include="Room5.h">
      <Filter>Header Files\View</Filter>
    </ClInclude>
    <ClInclude Include="Room6.h">
      <Filter>Header Files\View</Filter>
    </ClInclude>
    <ClInclude Include="Room8.h">
      <Filter>Header Files\View</Filter>
    </ClInclude>
  </ItemGroup>
</Project>